{
  "name": "typescript-evm",
  "version": "0.1.0",
  "lockfileVersion": 3,
  "requires": true,
  "packages": {
    "": {
      "name": "typescript-evm",
      "version": "0.1.0",
      "dependencies": {
        "cryptoscript": "github:kyscott18/cryptoscript",
        "hotscript": "^1.0.13"
      },
      "devDependencies": {
        "typescript": "^5.4.0"
      }
    },
    "node_modules/cryptoscript": {
      "version": "0.0.0",
      "resolved": "git+ssh://git@github.com/kyscott18/cryptoscript.git#245f178586c395c28512cbb86ddcfcb1d47de9fe",
      "peerDependencies": {
        "typescript": ">=5"
      }
    },
    "node_modules/hotscript": {
      "version": "1.0.13",
      "resolved": "https://registry.npmjs.org/hotscript/-/hotscript-1.0.13.tgz",
      "integrity": "sha512-C++tTF1GqkGYecL+2S1wJTfoH6APGAsbb7PAWQ3iVIwgG/EFseAfEVOKFgAFq4yK3+6j1EjUD4UQ9dRJHX/sSQ=="
    },
    "node_modules/typescript": {
      "version": "5.9.3",
      "resolved": "https://registry.npmjs.org/typescript/-/typescript-5.9.3.tgz",
      "integrity": "sha512-jl1vZzPDinLr9eUt3J/t7V6FgNEw9QjvBPdysz9KfQDD41fQrC2Y4vKQdiaUpFT4bXlb1RHhLpp8wtm6M5TgSw==",
      "bin": {
        "tsc": "bin/tsc",
        "tsserver": "bin/tsserver"
      },
      "engines": {
        "node": ">=14.17"
      }
    }
  }
}
